
Microsoft Visual Studio Solution File, Format Version 12.00
# Visual Studio 15
VisualStudioVersion = 15.0.26430.16
MinimumVisualStudioVersion = 10.0.40219.1
Project("{2150E333-8FDC-42A3-9474-1A3956D46DE8}") = ".paket", ".paket", "{C06D5BDC-85ED-41E7-818D-DFF6F07F511C}"
	ProjectSection(SolutionItems) = preProject
		paket.dependencies = paket.dependencies
	EndProjectSection
EndProject
Project("{F2A71F9B-5D33-465A-A702-920D77279786}") = "fparsec-example", "fparsec-example.fsproj", "{0FFBB9F9-AFDC-42FF-BE0E-517E1C1799B1}"
EndProject
Global
	GlobalSection(SolutionConfigurationPlatforms) = preSolution
		Debug|Any CPU = Debug|Any CPU
		Release|Any CPU = Release|Any CPU
	EndGlobalSection
	GlobalSection(ProjectConfigurationPlatforms) = postSolution
		{0FFBB9F9-AFDC-42FF-BE0E-517E1C1799B1}.Debug|Any CPU.ActiveCfg = Debug|Any CPU
		{0FFBB9F9-AFDC-42FF-BE0E-517E1C1799B1}.Debug|Any CPU.Build.0 = Debug|Any CPU
		{0FFBB9F9-AFDC-42FF-BE0E-517E1C1799B1}.Release|Any CPU.ActiveCfg = Release|Any CPU
		{0FFBB9F9-AFDC-42FF-BE0E-517E1C1799B1}.Release|Any CPU.Build.0 = Release|Any CPU
	EndGlobalSection
	GlobalSection(SolutionProperties) = preSolution
		HideSolutionNode = FALSE
	EndGlobalSection
EndGlobal
